
Microsoft Visual Studio Solution File, Format Version 12.00
# Visual Studio 14
VisualStudioVersion = 14.0.24720.0
MinimumVisualStudioVersion = 10.0.40219.1
Project("{2150E333-8FDC-42A3-9474-1A3956D46DE8}") = "Server", "Server", "{95320B6E-866D-43C7-B86E-13584038467B}"
EndProject
Project("{2150E333-8FDC-42A3-9474-1A3956D46DE8}") = "Client", "Client", "{18B426E3-16EC-40F9-80E4-DD9DE8C74A8D}"
EndProject
Project("{2150E333-8FDC-42A3-9474-1A3956D46DE8}") = "Test", "Test", "{09387DBB-DDC2-4E49-8575-2C044FF8F393}"
EndProject
Project("{2150E333-8FDC-42A3-9474-1A3956D46DE8}") = "Common", "Common", "{E040438F-00E6-4F83-93CC-7526DA0C1242}"
EndProject
Project("{2150E333-8FDC-42A3-9474-1A3956D46DE8}") = "Listener", "Listener", "{12779476-A292-4798-A46D-E76A186350BC}"
EndProject
Project("{2150E333-8FDC-42A3-9474-1A3956D46DE8}") = "tests", "tests", "{E643DD64-5FF5-48CF-9013-BA11DAFD546E}"
EndProject
Project("{2150E333-8FDC-42A3-9474-1A3956D46DE8}") = "tests", "tests", "{D99753DF-C6E4-4587-85CC-C5FEAFDEA473}"
EndProject
Project("{2150E333-8FDC-42A3-9474-1A3956D46DE8}") = "Solution Items", "Solution Items", "{BD670D04-04D4-4931-B755-3EB95181B083}"
	ProjectSection(SolutionItems) = preProject
		Adis.Log.vsmdi = Adis.Log.vsmdi
		default.build = default.build
		default.build.MailSettings.include = default.build.MailSettings.include
	EndProjectSection
EndProject
Project("{2150E333-8FDC-42A3-9474-1A3956D46DE8}") = "Reporter", "Reporter", "{E4AD67C6-3963-446C-832D-44E27E22F044}"
EndProject
Project("{FAE04EC0-301F-11D3-BF4B-00C04F79EFBC}") = "Adis.Log.Client", "client\dotnet\Adis.Log.Client\Adis.Log.Client.csproj", "{C1415138-DC9C-4DDE-81AA-CEAAA383B823}"
EndProject
Project("{FAE04EC0-301F-11D3-BF4B-00C04F79EFBC}") = "Adis.Log.Contract", "common\Adis.Log.Contract\Adis.Log.Contract.csproj", "{6F0B4872-6687-4A1E-8696-2A1B4F18A55F}"
EndProject
Project("{FAE04EC0-301F-11D3-BF4B-00C04F79EFBC}") = "LoggerSampleConsoleApp", "client\dotnet\test\LoggerSampleConsoleApp\LoggerSampleConsoleApp.csproj", "{4E31D0DB-A25A-4659-85D4-4C8691C57A35}"
EndProject
Project("{FAE04EC0-301F-11D3-BF4B-00C04F79EFBC}") = "Adis.Log.Server", "server\Adis.Log.Server\Adis.Log.Server.csproj", "{B81B7089-B0D3-4E13-BCAE-E9BFF94CDBFC}"
EndProject
Project("{FAE04EC0-301F-11D3-BF4B-00C04F79EFBC}") = "Adis.Log.Listener.WinForms", "listeners\Adis.Log.Listener.WinForms\Adis.Log.Listener.WinForms.csproj", "{0A766CF4-44CB-48E6-86AC-0DF131E38AF3}"
EndProject
Project("{FAE04EC0-301F-11D3-BF4B-00C04F79EFBC}") = "Adis.Log.Contract.Tests", "common\tests\Adis.Log.Contract.Tests\Adis.Log.Contract.Tests.csproj", "{F10DB9CA-335E-497D-AD86-157778E8854F}"
EndProject
Project("{FAE04EC0-301F-11D3-BF4B-00C04F79EFBC}") = "Adis.Log.Server.Tests", "server\tests\Adis.Log.Server.Tests\Adis.Log.Server.Tests.csproj", "{F0C1E2B0-ED18-447E-90B4-3C726762DB72}"
EndProject
Project("{FAE04EC0-301F-11D3-BF4B-00C04F79EFBC}") = "Adis.Log.Reporter.Client", "client\dotnet\Adis.Log.Reporter.Client\Adis.Log.Reporter.Client.csproj", "{A35CC3F8-3EBD-4721-B681-91243FE756F5}"
EndProject
Project("{FAE04EC0-301F-11D3-BF4B-00C04F79EFBC}") = "Adis.Log.Reporter.MVC", "Reporter\Adis.Log.Reporter.MVC\Adis.Log.Reporter.MVC.csproj", "{2A08BEC1-738A-4AC4-AADE-A0F7BBC65D9D}"
EndProject
Project("{FAE04EC0-301F-11D3-BF4B-00C04F79EFBC}") = "Adis.Log.Server.Web", "server\Adis.Log.Server.Web\Adis.Log.Server.Web.csproj", "{E65FB44E-51CF-491B-B802-735F24F665C5}"
EndProject
Global
	GlobalSection(SolutionConfigurationPlatforms) = preSolution
		Debug|.NET = Debug|.NET
		Debug|Any CPU = Debug|Any CPU
		Debug|Mixed Platforms = Debug|Mixed Platforms
		Release|.NET = Release|.NET
		Release|Any CPU = Release|Any CPU
		Release|Mixed Platforms = Release|Mixed Platforms
	EndGlobalSection
	GlobalSection(ProjectConfigurationPlatforms) = postSolution
		{C1415138-DC9C-4DDE-81AA-CEAAA383B823}.Debug|.NET.ActiveCfg = Debug|Any CPU
		{C1415138-DC9C-4DDE-81AA-CEAAA383B823}.Debug|Any CPU.ActiveCfg = Debug|Any CPU
		{C1415138-DC9C-4DDE-81AA-CEAAA383B823}.Debug|Any CPU.Build.0 = Debug|Any CPU
		{C1415138-DC9C-4DDE-81AA-CEAAA383B823}.Debug|Mixed Platforms.ActiveCfg = Debug|Any CPU
		{C1415138-DC9C-4DDE-81AA-CEAAA383B823}.Debug|Mixed Platforms.Build.0 = Debug|Any CPU
		{C1415138-DC9C-4DDE-81AA-CEAAA383B823}.Release|.NET.ActiveCfg = Release|Any CPU
		{C1415138-DC9C-4DDE-81AA-CEAAA383B823}.Release|Any CPU.ActiveCfg = Release|Any CPU
		{C1415138-DC9C-4DDE-81AA-CEAAA383B823}.Release|Any CPU.Build.0 = Release|Any CPU
		{C1415138-DC9C-4DDE-81AA-CEAAA383B823}.Release|Mixed Platforms.ActiveCfg = Release|Any CPU
		{C1415138-DC9C-4DDE-81AA-CEAAA383B823}.Release|Mixed Platforms.Build.0 = Release|Any CPU
		{6F0B4872-6687-4A1E-8696-2A1B4F18A55F}.Debug|.NET.ActiveCfg = Debug|Any CPU
		{6F0B4872-6687-4A1E-8696-2A1B4F18A55F}.Debug|Any CPU.ActiveCfg = Debug|Any CPU
		{6F0B4872-6687-4A1E-8696-2A1B4F18A55F}.Debug|Any CPU.Build.0 = Debug|Any CPU
		{6F0B4872-6687-4A1E-8696-2A1B4F18A55F}.Debug|Mixed Platforms.ActiveCfg = Debug|Any CPU
		{6F0B4872-6687-4A1E-8696-2A1B4F18A55F}.Debug|Mixed Platforms.Build.0 = Debug|Any CPU
		{6F0B4872-6687-4A1E-8696-2A1B4F18A55F}.Release|.NET.ActiveCfg = Release|Any CPU
		{6F0B4872-6687-4A1E-8696-2A1B4F18A55F}.Release|Any CPU.ActiveCfg = Release|Any CPU
		{6F0B4872-6687-4A1E-8696-2A1B4F18A55F}.Release|Any CPU.Build.0 = Release|Any CPU
		{6F0B4872-6687-4A1E-8696-2A1B4F18A55F}.Release|Mixed Platforms.ActiveCfg = Release|Any CPU
		{6F0B4872-6687-4A1E-8696-2A1B4F18A55F}.Release|Mixed Platforms.Build.0 = Release|Any CPU
		{4E31D0DB-A25A-4659-85D4-4C8691C57A35}.Debug|.NET.ActiveCfg = Debug|Any CPU
		{4E31D0DB-A25A-4659-85D4-4C8691C57A35}.Debug|Any CPU.ActiveCfg = Debug|Any CPU
		{4E31D0DB-A25A-4659-85D4-4C8691C57A35}.Debug|Any CPU.Build.0 = Debug|Any CPU
		{4E31D0DB-A25A-4659-85D4-4C8691C57A35}.Debug|Mixed Platforms.ActiveCfg = Debug|Any CPU
		{4E31D0DB-A25A-4659-85D4-4C8691C57A35}.Debug|Mixed Platforms.Build.0 = Debug|Any CPU
		{4E31D0DB-A25A-4659-85D4-4C8691C57A35}.Release|.NET.ActiveCfg = Release|Any CPU
		{4E31D0DB-A25A-4659-85D4-4C8691C57A35}.Release|Any CPU.ActiveCfg = Release|Any CPU
		{4E31D0DB-A25A-4659-85D4-4C8691C57A35}.Release|Any CPU.Build.0 = Release|Any CPU
		{4E31D0DB-A25A-4659-85D4-4C8691C57A35}.Release|Mixed Platforms.ActiveCfg = Release|Any CPU
		{4E31D0DB-A25A-4659-85D4-4C8691C57A35}.Release|Mixed Platforms.Build.0 = Release|Any CPU
		{B81B7089-B0D3-4E13-BCAE-E9BFF94CDBFC}.Debug|.NET.ActiveCfg = Debug|Any CPU
		{B81B7089-B0D3-4E13-BCAE-E9BFF94CDBFC}.Debug|Any CPU.ActiveCfg = Debug|Any CPU
		{B81B7089-B0D3-4E13-BCAE-E9BFF94CDBFC}.Debug|Any CPU.Build.0 = Debug|Any CPU
		{B81B7089-B0D3-4E13-BCAE-E9BFF94CDBFC}.Debug|Mixed Platforms.ActiveCfg = Debug|Any CPU
		{B81B7089-B0D3-4E13-BCAE-E9BFF94CDBFC}.Debug|Mixed Platforms.Build.0 = Debug|Any CPU
		{B81B7089-B0D3-4E13-BCAE-E9BFF94CDBFC}.Release|.NET.ActiveCfg = Release|Any CPU
		{B81B7089-B0D3-4E13-BCAE-E9BFF94CDBFC}.Release|Any CPU.ActiveCfg = Release|Any CPU
		{B81B7089-B0D3-4E13-BCAE-E9BFF94CDBFC}.Release|Any CPU.Build.0 = Release|Any CPU
		{B81B7089-B0D3-4E13-BCAE-E9BFF94CDBFC}.Release|Mixed Platforms.ActiveCfg = Release|Any CPU
		{B81B7089-B0D3-4E13-BCAE-E9BFF94CDBFC}.Release|Mixed Platforms.Build.0 = Release|Any CPU
		{0A766CF4-44CB-48E6-86AC-0DF131E38AF3}.Debug|.NET.ActiveCfg = Debug|Any CPU
		{0A766CF4-44CB-48E6-86AC-0DF131E38AF3}.Debug|Any CPU.ActiveCfg = Debug|Any CPU
		{0A766CF4-44CB-48E6-86AC-0DF131E38AF3}.Debug|Any CPU.Build.0 = Debug|Any CPU
		{0A766CF4-44CB-48E6-86AC-0DF131E38AF3}.Debug|Mixed Platforms.ActiveCfg = Debug|Any CPU
		{0A766CF4-44CB-48E6-86AC-0DF131E38AF3}.Debug|Mixed Platforms.Build.0 = Debug|Any CPU
		{0A766CF4-44CB-48E6-86AC-0DF131E38AF3}.Release|.NET.ActiveCfg = Release|Any CPU
		{0A766CF4-44CB-48E6-86AC-0DF131E38AF3}.Release|Any CPU.ActiveCfg = Release|Any CPU
		{0A766CF4-44CB-48E6-86AC-0DF131E38AF3}.Release|Any CPU.Build.0 = Release|Any CPU
		{0A766CF4-44CB-48E6-86AC-0DF131E38AF3}.Release|Mixed Platforms.ActiveCfg = Release|Any CPU
		{0A766CF4-44CB-48E6-86AC-0DF131E38AF3}.Release|Mixed Platforms.Build.0 = Release|Any CPU
		{F10DB9CA-335E-497D-AD86-157778E8854F}.Debug|.NET.ActiveCfg = Debug|Any CPU
		{F10DB9CA-335E-497D-AD86-157778E8854F}.Debug|Any CPU.ActiveCfg = Debug|Any CPU
		{F10DB9CA-335E-497D-AD86-157778E8854F}.Debug|Any CPU.Build.0 = Debug|Any CPU
		{F10DB9CA-335E-497D-AD86-157778E8854F}.Debug|Mixed Platforms.ActiveCfg = Debug|Any CPU
		{F10DB9CA-335E-497D-AD86-157778E8854F}.Debug|Mixed Platforms.Build.0 = Debug|Any CPU
		{F10DB9CA-335E-497D-AD86-157778E8854F}.Release|.NET.ActiveCfg = Release|Any CPU
		{F10DB9CA-335E-497D-AD86-157778E8854F}.Release|Any CPU.ActiveCfg = Release|Any CPU
		{F10DB9CA-335E-497D-AD86-157778E8854F}.Release|Any CPU.Build.0 = Release|Any CPU
		{F10DB9CA-335E-497D-AD86-157778E8854F}.Release|Mixed Platforms.ActiveCfg = Release|Any CPU
		{F10DB9CA-335E-497D-AD86-157778E8854F}.Release|Mixed Platforms.Build.0 = Release|Any CPU
		{F0C1E2B0-ED18-447E-90B4-3C726762DB72}.Debug|.NET.ActiveCfg = Debug|Any CPU
		{F0C1E2B0-ED18-447E-90B4-3C726762DB72}.Debug|Any CPU.ActiveCfg = Debug|Any CPU
		{F0C1E2B0-ED18-447E-90B4-3C726762DB72}.Debug|Any CPU.Build.0 = Debug|Any CPU
		{F0C1E2B0-ED18-447E-90B4-3C726762DB72}.Debug|Mixed Platforms.ActiveCfg = Debug|Any CPU
		{F0C1E2B0-ED18-447E-90B4-3C726762DB72}.Debug|Mixed Platforms.Build.0 = Debug|Any CPU
		{F0C1E2B0-ED18-447E-90B4-3C726762DB72}.Release|.NET.ActiveCfg = Release|Any CPU
		{F0C1E2B0-ED18-447E-90B4-3C726762DB72}.Release|Any CPU.ActiveCfg = Release|Any CPU
		{F0C1E2B0-ED18-447E-90B4-3C726762DB72}.Release|Any CPU.Build.0 = Release|Any CPU
		{F0C1E2B0-ED18-447E-90B4-3C726762DB72}.Release|Mixed Platforms.ActiveCfg = Release|Any CPU
		{F0C1E2B0-ED18-447E-90B4-3C726762DB72}.Release|Mixed Platforms.Build.0 = Release|Any CPU
		{A35CC3F8-3EBD-4721-B681-91243FE756F5}.Debug|.NET.ActiveCfg = Debug|Any CPU
		{A35CC3F8-3EBD-4721-B681-91243FE756F5}.Debug|Any CPU.ActiveCfg = Debug|Any CPU
		{A35CC3F8-3EBD-4721-B681-91243FE756F5}.Debug|Any CPU.Build.0 = Debug|Any CPU
		{A35CC3F8-3EBD-4721-B681-91243FE756F5}.Debug|Mixed Platforms.ActiveCfg = Debug|Any CPU
		{A35CC3F8-3EBD-4721-B681-91243FE756F5}.Debug|Mixed Platforms.Build.0 = Debug|Any CPU
		{A35CC3F8-3EBD-4721-B681-91243FE756F5}.Release|.NET.ActiveCfg = Release|Any CPU
		{A35CC3F8-3EBD-4721-B681-91243FE756F5}.Release|Any CPU.ActiveCfg = Release|Any CPU
		{A35CC3F8-3EBD-4721-B681-91243FE756F5}.Release|Any CPU.Build.0 = Release|Any CPU
		{A35CC3F8-3EBD-4721-B681-91243FE756F5}.Release|Mixed Platforms.ActiveCfg = Release|Any CPU
		{A35CC3F8-3EBD-4721-B681-91243FE756F5}.Release|Mixed Platforms.Build.0 = Release|Any CPU
		{2A08BEC1-738A-4AC4-AADE-A0F7BBC65D9D}.Debug|.NET.ActiveCfg = Debug|Any CPU
		{2A08BEC1-738A-4AC4-AADE-A0F7BBC65D9D}.Debug|Any CPU.ActiveCfg = Debug|Any CPU
		{2A08BEC1-738A-4AC4-AADE-A0F7BBC65D9D}.Debug|Any CPU.Build.0 = Debug|Any CPU
		{2A08BEC1-738A-4AC4-AADE-A0F7BBC65D9D}.Debug|Mixed Platforms.ActiveCfg = Debug|Any CPU
		{2A08BEC1-738A-4AC4-AADE-A0F7BBC65D9D}.Debug|Mixed Platforms.Build.0 = Debug|Any CPU
		{2A08BEC1-738A-4AC4-AADE-A0F7BBC65D9D}.Release|.NET.ActiveCfg = Release|Any CPU
		{2A08BEC1-738A-4AC4-AADE-A0F7BBC65D9D}.Release|Any CPU.ActiveCfg = Release|Any CPU
		{2A08BEC1-738A-4AC4-AADE-A0F7BBC65D9D}.Release|Any CPU.Build.0 = Release|Any CPU
		{2A08BEC1-738A-4AC4-AADE-A0F7BBC65D9D}.Release|Mixed Platforms.ActiveCfg = Release|Any CPU
		{2A08BEC1-738A-4AC4-AADE-A0F7BBC65D9D}.Release|Mixed Platforms.Build.0 = Release|Any CPU
		{E65FB44E-51CF-491B-B802-735F24F665C5}.Debug|.NET.ActiveCfg = Debug|Any CPU
		{E65FB44E-51CF-491B-B802-735F24F665C5}.Debug|Any CPU.ActiveCfg = Debug|Any CPU
		{E65FB44E-51CF-491B-B802-735F24F665C5}.Debug|Any CPU.Build.0 = Debug|Any CPU
		{E65FB44E-51CF-491B-B802-735F24F665C5}.Debug|Mixed Platforms.ActiveCfg = Debug|Any CPU
		{E65FB44E-51CF-491B-B802-735F24F665C5}.Debug|Mixed Platforms.Build.0 = Debug|Any CPU
		{E65FB44E-51CF-491B-B802-735F24F665C5}.Release|.NET.ActiveCfg = Release|Any CPU
		{E65FB44E-51CF-491B-B802-735F24F665C5}.Release|Any CPU.ActiveCfg = Release|Any CPU
		{E65FB44E-51CF-491B-B802-735F24F665C5}.Release|Any CPU.Build.0 = Release|Any CPU
		{E65FB44E-51CF-491B-B802-735F24F665C5}.Release|Mixed Platforms.ActiveCfg = Release|Any CPU
		{E65FB44E-51CF-491B-B802-735F24F665C5}.Release|Mixed Platforms.Build.0 = Release|Any CPU
	EndGlobalSection
	GlobalSection(SolutionProperties) = preSolution
		HideSolutionNode = FALSE
	EndGlobalSection
	GlobalSection(NestedProjects) = preSolution
		{09387DBB-DDC2-4E49-8575-2C044FF8F393} = {18B426E3-16EC-40F9-80E4-DD9DE8C74A8D}
		{E643DD64-5FF5-48CF-9013-BA11DAFD546E} = {95320B6E-866D-43C7-B86E-13584038467B}
		{D99753DF-C6E4-4587-85CC-C5FEAFDEA473} = {E040438F-00E6-4F83-93CC-7526DA0C1242}
		{C1415138-DC9C-4DDE-81AA-CEAAA383B823} = {18B426E3-16EC-40F9-80E4-DD9DE8C74A8D}
		{6F0B4872-6687-4A1E-8696-2A1B4F18A55F} = {E040438F-00E6-4F83-93CC-7526DA0C1242}
		{4E31D0DB-A25A-4659-85D4-4C8691C57A35} = {09387DBB-DDC2-4E49-8575-2C044FF8F393}
		{B81B7089-B0D3-4E13-BCAE-E9BFF94CDBFC} = {95320B6E-866D-43C7-B86E-13584038467B}
		{0A766CF4-44CB-48E6-86AC-0DF131E38AF3} = {12779476-A292-4798-A46D-E76A186350BC}
		{F10DB9CA-335E-497D-AD86-157778E8854F} = {D99753DF-C6E4-4587-85CC-C5FEAFDEA473}
		{F0C1E2B0-ED18-447E-90B4-3C726762DB72} = {E643DD64-5FF5-48CF-9013-BA11DAFD546E}
		{A35CC3F8-3EBD-4721-B681-91243FE756F5} = {18B426E3-16EC-40F9-80E4-DD9DE8C74A8D}
		{2A08BEC1-738A-4AC4-AADE-A0F7BBC65D9D} = {E4AD67C6-3963-446C-832D-44E27E22F044}
		{E65FB44E-51CF-491B-B802-735F24F665C5} = {95320B6E-866D-43C7-B86E-13584038467B}
	EndGlobalSection
EndGlobal
