
Microsoft Visual Studio Solution File, Format Version 10.00
# Visual Studio 2008
Project("{FAE04EC0-301F-11D3-BF4B-00C04F79EFBC}") = "Contract", "Common\Contract\Contract.csproj", "{6F0B4872-6687-4A1E-8696-2A1B4F18A55F}"
EndProject
Project("{FAE04EC0-301F-11D3-BF4B-00C04F79EFBC}") = "Server", "server\Server\Server.csproj", "{5DC6DF86-F57E-4500-8026-BAB29EF179CA}"
EndProject
Project("{FAE04EC0-301F-11D3-BF4B-00C04F79EFBC}") = "TestLoggerClient", "server\TestLoggerClient\TestLoggerClient.csproj", "{BC7AB705-B0F9-4FC0-8045-D069E5A78C4B}"
EndProject
Project("{FAE04EC0-301F-11D3-BF4B-00C04F79EFBC}") = "LogosClient", "client\dotnet\LogosClient\LogosClient.csproj", "{C1415138-DC9C-4DDE-81AA-CEAAA383B823}"
EndProject
Project("{FAE04EC0-301F-11D3-BF4B-00C04F79EFBC}") = "SampleApp", "client\dotnet\SampleApp\SampleApp.csproj", "{4E31D0DB-A25A-4659-85D4-4C8691C57A35}"
EndProject
Project("{2150E333-8FDC-42A3-9474-1A3956D46DE8}") = "Server", "Server", "{95320B6E-866D-43C7-B86E-13584038467B}"
EndProject
Project("{2150E333-8FDC-42A3-9474-1A3956D46DE8}") = "Test", "Test", "{F5D24962-734B-400C-B352-80CFF3427FE3}"
EndProject
Project("{2150E333-8FDC-42A3-9474-1A3956D46DE8}") = "Client", "Client", "{18B426E3-16EC-40F9-80E4-DD9DE8C74A8D}"
EndProject
Global
	GlobalSection(SolutionConfigurationPlatforms) = preSolution
		Debug|Any CPU = Debug|Any CPU
		Release|Any CPU = Release|Any CPU
	EndGlobalSection
	GlobalSection(ProjectConfigurationPlatforms) = postSolution
		{6F0B4872-6687-4A1E-8696-2A1B4F18A55F}.Debug|Any CPU.ActiveCfg = Debug|Any CPU
		{6F0B4872-6687-4A1E-8696-2A1B4F18A55F}.Debug|Any CPU.Build.0 = Debug|Any CPU
		{6F0B4872-6687-4A1E-8696-2A1B4F18A55F}.Release|Any CPU.ActiveCfg = Release|Any CPU
		{6F0B4872-6687-4A1E-8696-2A1B4F18A55F}.Release|Any CPU.Build.0 = Release|Any CPU
		{5DC6DF86-F57E-4500-8026-BAB29EF179CA}.Debug|Any CPU.ActiveCfg = Debug|Any CPU
		{5DC6DF86-F57E-4500-8026-BAB29EF179CA}.Debug|Any CPU.Build.0 = Debug|Any CPU
		{5DC6DF86-F57E-4500-8026-BAB29EF179CA}.Release|Any CPU.ActiveCfg = Release|Any CPU
		{5DC6DF86-F57E-4500-8026-BAB29EF179CA}.Release|Any CPU.Build.0 = Release|Any CPU
		{BC7AB705-B0F9-4FC0-8045-D069E5A78C4B}.Debug|Any CPU.ActiveCfg = Debug|Any CPU
		{BC7AB705-B0F9-4FC0-8045-D069E5A78C4B}.Debug|Any CPU.Build.0 = Debug|Any CPU
		{BC7AB705-B0F9-4FC0-8045-D069E5A78C4B}.Release|Any CPU.ActiveCfg = Release|Any CPU
		{BC7AB705-B0F9-4FC0-8045-D069E5A78C4B}.Release|Any CPU.Build.0 = Release|Any CPU
		{C1415138-DC9C-4DDE-81AA-CEAAA383B823}.Debug|Any CPU.ActiveCfg = Debug|Any CPU
		{C1415138-DC9C-4DDE-81AA-CEAAA383B823}.Debug|Any CPU.Build.0 = Debug|Any CPU
		{C1415138-DC9C-4DDE-81AA-CEAAA383B823}.Release|Any CPU.ActiveCfg = Release|Any CPU
		{C1415138-DC9C-4DDE-81AA-CEAAA383B823}.Release|Any CPU.Build.0 = Release|Any CPU
		{4E31D0DB-A25A-4659-85D4-4C8691C57A35}.Debug|Any CPU.ActiveCfg = Debug|Any CPU
		{4E31D0DB-A25A-4659-85D4-4C8691C57A35}.Debug|Any CPU.Build.0 = Debug|Any CPU
		{4E31D0DB-A25A-4659-85D4-4C8691C57A35}.Release|Any CPU.ActiveCfg = Release|Any CPU
		{4E31D0DB-A25A-4659-85D4-4C8691C57A35}.Release|Any CPU.Build.0 = Release|Any CPU
	EndGlobalSection
	GlobalSection(SolutionProperties) = preSolution
		HideSolutionNode = FALSE
	EndGlobalSection
	GlobalSection(NestedProjects) = preSolution
		{5DC6DF86-F57E-4500-8026-BAB29EF179CA} = {95320B6E-866D-43C7-B86E-13584038467B}
		{F5D24962-734B-400C-B352-80CFF3427FE3} = {95320B6E-866D-43C7-B86E-13584038467B}
		{BC7AB705-B0F9-4FC0-8045-D069E5A78C4B} = {F5D24962-734B-400C-B352-80CFF3427FE3}
		{C1415138-DC9C-4DDE-81AA-CEAAA383B823} = {18B426E3-16EC-40F9-80E4-DD9DE8C74A8D}
		{4E31D0DB-A25A-4659-85D4-4C8691C57A35} = {18B426E3-16EC-40F9-80E4-DD9DE8C74A8D}
	EndGlobalSection
EndGlobal
